# @generated by Move, please check-in and do not edit manually.

[move]
version = 2
manifest_digest = "7019FD9CF96A4A6669D990F2E0CE61A4A800B11408EECF9B4ED03BFFCAED8C08"
deps_digest = "F8BBB0CCB2491CA29A3DF03D6F92277A4F3574266507ACD77214D37ECA3F3082"
dependencies = [
  { name = "Sui" },
]

[[move.package]]
name = "MoveStdlib"
source = { git = "https://github.com/MystenLabs/sui.git", rev = "framework/testnet", subdir = "crates/sui-framework/packages/move-stdlib" }

[[move.package]]
name = "Sui"
source = { git = "https://github.com/MystenLabs/sui.git", rev = "framework/testnet", subdir = "crates/sui-framework/packages/sui-framework" }

dependencies = [
  { name = "MoveStdlib" },
]

[move.toolchain-version]
compiler-version = "1.25.1"
edition = "2024.beta"
flavor = "sui"

[env]

[env.testnet]
chain-id = "4c78adac"
original-published-id = "0x2dbd871f5c10f237de8b77e3ca537d9701bf22b9614a968e51ab4cb884fb5795"
latest-published-id = "0x2dbd871f5c10f237de8b77e3ca537d9701bf22b9614a968e51ab4cb884fb5795"
published-version = "1"
